PODS:
  - Differentiator (3.0.2)
  - RxCocoa (4.1.2):
    - RxSwift (~> 4.0)
  - RxDataSources (3.0.0):
    - Differentiator (~> 3.0)
    - RxCocoa (~> 4.0)
    - RxSwift (~> 4.0)
  - RxSwift (4.1.2)

DEPENDENCIES:
  - RxCocoa
  - RxDataSources (= 3.0)
  - RxSwift

SPEC REPOS:
  https://github.com/CocoaPods/Specs.git:
    - Differentiator
    - RxCocoa
    - RxDataSources
    - RxSwift

SPEC CHECKSUMS:
  Differentiator: a87be69eba49ec4ab460c7671143ee3a9eececfd
  RxCocoa: d88ba0f1f6abf040011a9eb4b539324fc426843a
  RxDataSources: 5a5ad827b6ad91730bb4b3ed87739f28a7be3d84
  RxSwift: e49536837d9901277638493ea537394d4b55f570

PODFILE CHECKSUM: f433142cd686bd0c18e42ed58d47f9e7c800fb2a

COCOAPODS: 1.5.0
